
Microsoft Visual Studio Solution File, Format Version 12.00
# Visual Studio Version 17
VisualStudioVersion = 17.5.002.0
MinimumVisualStudioVersion = 10.0.40219.1
Project("{9A19103F-16F7-4668-BE54-9A1E7A4F7556}") = "Server", "server\Server.csproj", "{E7D103BA-D607-4FB2-91BE-B9D91FD3F8EF}"
EndProject
Global
	GlobalSection(SolutionConfigurationPlatforms) = preSolution
		Debug|Any CPU = Debug|Any CPU
		Release|Any CPU = Release|Any CPU
	EndGlobalSection
	GlobalSection(ProjectConfigurationPlatforms) = postSolution
		{E7D103BA-D607-4FB2-91BE-B9D91FD3F8EF}.Debug|Any CPU.ActiveCfg = Debug|Any CPU
		{E7D103BA-D607-4FB2-91BE-B9D91FD3F8EF}.Debug|Any CPU.Build.0 = Debug|Any CPU
		{E7D103BA-D607-4FB2-91BE-B9D91FD3F8EF}.Release|Any CPU.ActiveCfg = Release|Any CPU
		{E7D103BA-D607-4FB2-91BE-B9D91FD3F8EF}.Release|Any CPU.Build.0 = Release|Any CPU
	EndGlobalSection
	GlobalSection(SolutionProperties) = preSolution
		HideSolutionNode = FALSE
	EndGlobalSection
	GlobalSection(ExtensibilityGlobals) = postSolution
		SolutionGuid = {FB8E29A5-F854-4374-B81C-83BBF6D20A1F}
	EndGlobalSection
EndGlobal
